
Microsoft Visual Studio Solution File, Format Version 12.00
Project("{FAE04EC0-301F-11D3-BF4B-00C04F79EFBC}") = "ValentineWish_Android", "ValentineWish_Android\ValentineWish_Android\ValentineWish_Android.csproj", "{6F718959-9D78-4CC5-93CF-14DB5448FEC7}"
EndProject
Project("{FAE04EC0-301F-11D3-BF4B-00C04F79EFBC}") = "ValentineWish_Android.Droid", "ValentineWish_Android\ValentineWish_Android.Droid\ValentineWish_Android.Droid.csproj", "{48EC1F1F-2994-427A-A670-20F69B6F6817}"
EndProject
Project("{FAE04EC0-301F-11D3-BF4B-00C04F79EFBC}") = "ValentineWish_Android.iOS", "ValentineWish_Android\ValentineWish_Android.iOS\ValentineWish_Android.iOS.csproj", "{2D309CBE-4611-4600-9B0F-F80030BB8615}"
EndProject
Global
	GlobalSection(SolutionConfigurationPlatforms) = preSolution
		Ad-Hoc|iPhone = Ad-Hoc|iPhone
		AppStore|iPhone = AppStore|iPhone
		Debug|Any CPU = Debug|Any CPU
		Debug|iPhone = Debug|iPhone
		Debug|iPhoneSimulator = Debug|iPhoneSimulator
		Release|Any CPU = Release|Any CPU
		Release|iPhone = Release|iPhone
		Release|iPhoneSimulator = Release|iPhoneSimulator
	EndGlobalSection
	GlobalSection(ProjectConfigurationPlatforms) = postSolution
		{6F718959-9D78-4CC5-93CF-14DB5448FEC7}.Ad-Hoc|iPhone.ActiveCfg = Debug|Any CPU
		{6F718959-9D78-4CC5-93CF-14DB5448FEC7}.Ad-Hoc|iPhone.Build.0 = Debug|Any CPU
		{6F718959-9D78-4CC5-93CF-14DB5448FEC7}.AppStore|iPhone.ActiveCfg = Debug|Any CPU
		{6F718959-9D78-4CC5-93CF-14DB5448FEC7}.AppStore|iPhone.Build.0 = Debug|Any CPU
		{6F718959-9D78-4CC5-93CF-14DB5448FEC7}.Debug|Any CPU.ActiveCfg = Debug|Any CPU
		{6F718959-9D78-4CC5-93CF-14DB5448FEC7}.Debug|Any CPU.Build.0 = Debug|Any CPU
		{6F718959-9D78-4CC5-93CF-14DB5448FEC7}.Debug|iPhone.ActiveCfg = Debug|Any CPU
		{6F718959-9D78-4CC5-93CF-14DB5448FEC7}.Debug|iPhone.Build.0 = Debug|Any CPU
		{6F718959-9D78-4CC5-93CF-14DB5448FEC7}.Debug|iPhoneSimulator.ActiveCfg = Debug|Any CPU
		{6F718959-9D78-4CC5-93CF-14DB5448FEC7}.Debug|iPhoneSimulator.Build.0 = Debug|Any CPU
		{6F718959-9D78-4CC5-93CF-14DB5448FEC7}.Release|Any CPU.ActiveCfg = Release|Any CPU
		{6F718959-9D78-4CC5-93CF-14DB5448FEC7}.Release|Any CPU.Build.0 = Release|Any CPU
		{6F718959-9D78-4CC5-93CF-14DB5448FEC7}.Release|iPhone.ActiveCfg = Release|Any CPU
		{6F718959-9D78-4CC5-93CF-14DB5448FEC7}.Release|iPhone.Build.0 = Release|Any CPU
		{6F718959-9D78-4CC5-93CF-14DB5448FEC7}.Release|iPhoneSimulator.ActiveCfg = Release|Any CPU
		{6F718959-9D78-4CC5-93CF-14DB5448FEC7}.Release|iPhoneSimulator.Build.0 = Release|Any CPU
		{48EC1F1F-2994-427A-A670-20F69B6F6817}.Ad-Hoc|iPhone.ActiveCfg = Debug|Any CPU
		{48EC1F1F-2994-427A-A670-20F69B6F6817}.Ad-Hoc|iPhone.Build.0 = Debug|Any CPU
		{48EC1F1F-2994-427A-A670-20F69B6F6817}.Ad-Hoc|iPhone.Deploy.0 = Debug|Any CPU
		{48EC1F1F-2994-427A-A670-20F69B6F6817}.AppStore|iPhone.ActiveCfg = Debug|Any CPU
		{48EC1F1F-2994-427A-A670-20F69B6F6817}.AppStore|iPhone.Build.0 = Debug|Any CPU
		{48EC1F1F-2994-427A-A670-20F69B6F6817}.AppStore|iPhone.Deploy.0 = Debug|Any CPU
		{48EC1F1F-2994-427A-A670-20F69B6F6817}.Debug|Any CPU.ActiveCfg = Debug|Any CPU
		{48EC1F1F-2994-427A-A670-20F69B6F6817}.Debug|Any CPU.Build.0 = Debug|Any CPU
		{48EC1F1F-2994-427A-A670-20F69B6F6817}.Debug|Any CPU.Deploy.0 = Debug|Any CPU
		{48EC1F1F-2994-427A-A670-20F69B6F6817}.Debug|iPhone.ActiveCfg = Debug|Any CPU
		{48EC1F1F-2994-427A-A670-20F69B6F6817}.Debug|iPhone.Build.0 = Debug|Any CPU
		{48EC1F1F-2994-427A-A670-20F69B6F6817}.Debug|iPhone.Deploy.0 = Debug|Any CPU
		{48EC1F1F-2994-427A-A670-20F69B6F6817}.Debug|iPhoneSimulator.ActiveCfg = Debug|Any CPU
		{48EC1F1F-2994-427A-A670-20F69B6F6817}.Debug|iPhoneSimulator.Build.0 = Debug|Any CPU
		{48EC1F1F-2994-427A-A670-20F69B6F6817}.Debug|iPhoneSimulator.Deploy.0 = Debug|Any CPU
		{48EC1F1F-2994-427A-A670-20F69B6F6817}.Release|Any CPU.ActiveCfg = Release|Any CPU
		{48EC1F1F-2994-427A-A670-20F69B6F6817}.Release|Any CPU.Build.0 = Release|Any CPU
		{48EC1F1F-2994-427A-A670-20F69B6F6817}.Release|Any CPU.Deploy.0 = Release|Any CPU
		{48EC1F1F-2994-427A-A670-20F69B6F6817}.Release|iPhone.ActiveCfg = Release|Any CPU
		{48EC1F1F-2994-427A-A670-20F69B6F6817}.Release|iPhone.Build.0 = Release|Any CPU
		{48EC1F1F-2994-427A-A670-20F69B6F6817}.Release|iPhone.Deploy.0 = Release|Any CPU
		{48EC1F1F-2994-427A-A670-20F69B6F6817}.Release|iPhoneSimulator.ActiveCfg = Release|Any CPU
		{48EC1F1F-2994-427A-A670-20F69B6F6817}.Release|iPhoneSimulator.Build.0 = Release|Any CPU
		{48EC1F1F-2994-427A-A670-20F69B6F6817}.Release|iPhoneSimulator.Deploy.0 = Release|Any CPU
		{2D309CBE-4611-4600-9B0F-F80030BB8615}.Ad-Hoc|iPhone.ActiveCfg = Ad-Hoc|iPhone
		{2D309CBE-4611-4600-9B0F-F80030BB8615}.Ad-Hoc|iPhone.Build.0 = Ad-Hoc|iPhone
		{2D309CBE-4611-4600-9B0F-F80030BB8615}.Ad-Hoc|iPhone.Deploy.0 = Ad-Hoc|iPhone
		{2D309CBE-4611-4600-9B0F-F80030BB8615}.AppStore|iPhone.ActiveCfg = AppStore|iPhone
		{2D309CBE-4611-4600-9B0F-F80030BB8615}.AppStore|iPhone.Build.0 = AppStore|iPhone
		{2D309CBE-4611-4600-9B0F-F80030BB8615}.AppStore|iPhone.Deploy.0 = AppStore|iPhone
		{2D309CBE-4611-4600-9B0F-F80030BB8615}.Debug|Any CPU.ActiveCfg = Debug|iPhoneSimulator
		{2D309CBE-4611-4600-9B0F-F80030BB8615}.Debug|Any CPU.Build.0 = Debug|iPhoneSimulator
		{2D309CBE-4611-4600-9B0F-F80030BB8615}.Debug|Any CPU.Deploy.0 = Debug|iPhoneSimulator
		{2D309CBE-4611-4600-9B0F-F80030BB8615}.Debug|iPhone.ActiveCfg = Debug|iPhone
		{2D309CBE-4611-4600-9B0F-F80030BB8615}.Debug|iPhone.Build.0 = Debug|iPhone
		{2D309CBE-4611-4600-9B0F-F80030BB8615}.Debug|iPhone.Deploy.0 = Debug|iPhone
		{2D309CBE-4611-4600-9B0F-F80030BB8615}.Debug|iPhoneSimulator.ActiveCfg = Debug|iPhoneSimulator
		{2D309CBE-4611-4600-9B0F-F80030BB8615}.Debug|iPhoneSimulator.Build.0 = Debug|iPhoneSimulator
		{2D309CBE-4611-4600-9B0F-F80030BB8615}.Debug|iPhoneSimulator.Deploy.0 = Debug|iPhoneSimulator
		{2D309CBE-4611-4600-9B0F-F80030BB8615}.Release|Any CPU.ActiveCfg = Release|iPhoneSimulator
		{2D309CBE-4611-4600-9B0F-F80030BB8615}.Release|Any CPU.Build.0 = Release|iPhoneSimulator
		{2D309CBE-4611-4600-9B0F-F80030BB8615}.Release|Any CPU.Deploy.0 = Release|iPhoneSimulator
		{2D309CBE-4611-4600-9B0F-F80030BB8615}.Release|iPhone.ActiveCfg = Release|iPhone
		{2D309CBE-4611-4600-9B0F-F80030BB8615}.Release|iPhone.Build.0 = Release|iPhone
		{2D309CBE-4611-4600-9B0F-F80030BB8615}.Release|iPhone.Deploy.0 = Release|iPhone
		{2D309CBE-4611-4600-9B0F-F80030BB8615}.Release|iPhoneSimulator.ActiveCfg = Release|iPhoneSimulator
		{2D309CBE-4611-4600-9B0F-F80030BB8615}.Release|iPhoneSimulator.Build.0 = Release|iPhoneSimulator
		{2D309CBE-4611-4600-9B0F-F80030BB8615}.Release|iPhoneSimulator.Deploy.0 = Release|iPhoneSimulator
	EndGlobalSection
EndGlobal
